
Microsoft Visual Studio Solution File, Format Version 12.00
# Visual Studio Version 16
VisualStudioVersion = 16.0.32228.343
MinimumVisualStudioVersion = 10.0.40219.1
Project("{FAE04EC0-301F-11D3-BF4B-00C04F79EFBC}") = "MethodOverloadingExercise", "MethodOverloadingExercise\MethodOverloadingExercise.csproj", "{EF320EA1-CE33-4949-9D42-04DF319BA59A}"
EndProject
Global
	GlobalSection(SolutionConfigurationPlatforms) = preSolution
		Debug|Any CPU = Debug|Any CPU
		Release|Any CPU = Release|Any CPU
	EndGlobalSection
	GlobalSection(ProjectConfigurationPlatforms) = postSolution
		{EF320EA1-CE33-4949-9D42-04DF319BA59A}.Debug|Any CPU.ActiveCfg = Debug|Any CPU
		{EF320EA1-CE33-4949-9D42-04DF319BA59A}.Debug|Any CPU.Build.0 = Debug|Any CPU
		{EF320EA1-CE33-4949-9D42-04DF319BA59A}.Release|Any CPU.ActiveCfg = Release|Any CPU
		{EF320EA1-CE33-4949-9D42-04DF319BA59A}.Release|Any CPU.Build.0 = Release|Any CPU
	EndGlobalSection
	GlobalSection(SolutionProperties) = preSolution
		HideSolutionNode = FALSE
	EndGlobalSection
	GlobalSection(ExtensibilityGlobals) = postSolution
		SolutionGuid = {3EF9A09C-4B41-4021-A68C-E3625C94FF15}
	EndGlobalSection
EndGlobal
